<?xml version="1.0" encoding="utf-8"?>
<Project ToolsVersion="4.0" xmlns="http://schemas.microsoft.com/developer/msbuild/2003">
  <ItemGroup>
    <Filter Include="소스 파일">
      <UniqueIdentifier>{4FC737F1-C7A5-4376-A066-2A32D752A2FF}</UniqueIdentifier>
      <Extensions>cpp;c;cc;cxx;def;odl;idl;hpj;bat;asm;asmx</Extensions>
    </Filter>
    <Filter Include="헤더 파일">
      <UniqueIdentifier>{93995380-89BD-4b04-88EB-625FBE52EBFB}</UniqueIdentifier>
      <Extensions>h;hh;hpp;hxx;hm;inl;inc;xsd</Extensions>
    </Filter>
    <Filter Include="리소스 파일">
      <UniqueIdentifier>{67DA6AB6-F800-4c08-8B7A-83BB121AAD01}</UniqueIdentifier>
      <Extensions>rc;ico;cur;bmp;dlg;rc2;rct;bin;rgs;gif;jpg;jpeg;jpe;resx;tiff;tif;png;wav;mfcribbon-ms</Extensions>
    </Filter>
    <Filter Include="pch">
      <UniqueIdentifier>{ab25bf1b-7f35-4fcb-8e38-ef40b073b324}</UniqueIdentifier>
    </Filter>
    <Filter Include="Scene">
      <UniqueIdentifier>{ccac3bec-eb8f-4f66-9494-f69863a33fd3}</UniqueIdentifier>
    </Filter>
    <Filter Include="Scene\Test">
      <UniqueIdentifier>{e09986ab-6103-40b8-8073-b6debcef0106}</UniqueIdentifier>
    </Filter>
    <Filter Include="Object">
      <UniqueIdentifier>{fd7c0889-d866-40e1-9c27-a9ae6f1f2e58}</UniqueIdentifier>
    </Filter>
    <Filter Include="Object\Player">
      <UniqueIdentifier>{83aaa473-f138-4b51-be9a-acf506404364}</UniqueIdentifier>
    </Filter>
    <Filter Include="Object\Item">
      <UniqueIdentifier>{24e4eac4-27b8-4297-a809-73eb7a320069}</UniqueIdentifier>
    </Filter>
    <Filter Include="Object\Block">
      <UniqueIdentifier>{58ad75be-f082-4c58-8536-88084c9e0777}</UniqueIdentifier>
    </Filter>
    <Filter Include="Framework">
      <UniqueIdentifier>{a8536553-bceb-45d6-ad77-8e0dfb82c939}</UniqueIdentifier>
    </Filter>
    <Filter Include="Framework\Timer">
      <UniqueIdentifier>{ab7f3eca-b167-4d80-82b1-dc6a26a70960}</UniqueIdentifier>
    </Filter>
    <Filter Include="Network">
      <UniqueIdentifier>{af831006-e60c-447a-9077-05657b1c88e1}</UniqueIdentifier>
    </Filter>
  </ItemGroup>
  <ItemGroup>
    <Text Include="ReadMe.txt" />
  </ItemGroup>
  <ItemGroup>
    <ClInclude Include="targetver.h">
      <Filter>헤더 파일</Filter>
    </ClInclude>
    <ClInclude Include="resource.h">
      <Filter>헤더 파일</Filter>
    </ClInclude>
    <ClInclude Include="FrameworkServer.h">
      <Filter>헤더 파일</Filter>
    </ClInclude>
    <ClInclude Include="pch\inlineFuncs.h">
      <Filter>pch</Filter>
    </ClInclude>
    <ClInclude Include="pch\stdafx.h">
      <Filter>pch</Filter>
    </ClInclude>
    <ClInclude Include="pch\SystemDefine.h">
      <Filter>pch</Filter>
    </ClInclude>
    <ClInclude Include="Scene\Scene.h">
      <Filter>Scene</Filter>
    </ClInclude>
    <ClInclude Include="Scene\Test\TestScene.h">
      <Filter>Scene\Test</Filter>
    </ClInclude>
    <ClInclude Include="Object\Object.h">
      <Filter>Object</Filter>
    </ClInclude>
    <ClInclude Include="Object\Item\Item.h">
      <Filter>Object\Item</Filter>
    </ClInclude>
    <ClInclude Include="Object\Block\Block.h">
      <Filter>Object\Block</Filter>
    </ClInclude>
    <ClInclude Include="Object\Player\Player.h">
      <Filter>Object\Player</Filter>
    </ClInclude>
    <ClInclude Include="Framework\Warp2DFramework.h">
      <Filter>Framework</Filter>
    </ClInclude>
    <ClInclude Include="Framework\Timer\Timer.h">
      <Filter>Framework\Timer</Filter>
    </ClInclude>
    <ClInclude Include="D2D_Operator.h">
      <Filter>헤더 파일</Filter>
    </ClInclude>
    <ClInclude Include="Network\Network.h">
      <Filter>Network</Filter>
    </ClInclude>
  </ItemGroup>
  <ItemGroup>
    <ClCompile Include="FrameworkServer.cpp">
      <Filter>소스 파일</Filter>
    </ClCompile>
    <ClCompile Include="pch\stdafx.cpp">
      <Filter>pch</Filter>
    </ClCompile>
    <ClCompile Include="Scene\Scene.cpp">
      <Filter>Scene</Filter>
    </ClCompile>
    <ClCompile Include="Scene\Test\TestScene.cpp">
      <Filter>Scene\Test</Filter>
    </ClCompile>
    <ClCompile Include="Object\Object.cpp">
      <Filter>Object</Filter>
    </ClCompile>
    <ClCompile Include="Object\Item\Item.cpp">
      <Filter>Object\Item</Filter>
    </ClCompile>
    <ClCompile Include="Object\Block\Block.cpp">
      <Filter>Object\Block</Filter>
    </ClCompile>
    <ClCompile Include="Object\Player\Player.cpp">
      <Filter>Object\Player</Filter>
    </ClCompile>
    <ClCompile Include="Framework\Warp2DFramework.cpp">
      <Filter>Framework</Filter>
    </ClCompile>
    <ClCompile Include="Framework\Timer\Timer.cpp">
      <Filter>Framework\Timer</Filter>
    </ClCompile>
    <ClCompile Include="Network\Network.cpp">
      <Filter>Network</Filter>
    </ClCompile>
  </ItemGroup>
  <ItemGroup>
    <ResourceCompile Include="FrameworkServer.rc">
      <Filter>리소스 파일</Filter>
    </ResourceCompile>
  </ItemGroup>
  <ItemGroup>
    <Image Include="small.ico">
      <Filter>리소스 파일</Filter>
    </Image>
    <Image Include="FrameworkServer.ico">
      <Filter>리소스 파일</Filter>
    </Image>
  </ItemGroup>
</Project>